# This file is autogenerated, do not edit; changes may be undone by the next 'dep ensure'.


[[projects]]
  branch = "master"
  digest = "1:8fda70c57919d8b3eda9806c43d26ad27efd6049571b838f6351d4c4b9dd5767"
  name = "github.com/ajstarks/svgo"
  packages = ["."]
  pruneopts = "UT"
  revision = "6ce6a3bcf6cde6c5007887677ebd148ec30f42a4"

[[projects]]
  digest = "1:b6e21e98fcbc23345ea2e3b70766edfc7fb53c0c99966fed18e889de0fcb67f2"
  name = "github.com/fogleman/gg"
  packages = ["."]
  pruneopts = "UT"
  revision = "0403632d5b905943a1c2a5b2763aaecd568467ec"
  version = "v1.3.0"

[[projects]]
  branch = "master"
  digest = "1:62c57507df491b657e9ae2645f30958d9964c8eeb380600469eedc951ebb3a0e"
  name = "github.com/golang/freetype"
  packages = [
    "raster",
    "truetype",
  ]
  pruneopts = "UT"
  revision = "e2365dfdc4a05e4b8299a783240d4a7d5a65d4e4"

[[projects]]
  digest = "1:a61dd5f0dcdb59fd72340303085be591bfddda33bf1d73548719c18f43efba86"
  name = "github.com/jung-kurt/gofpdf"
  packages = ["."]
  pruneopts = "UT"
  revision = "06680dfb10b4a6b0eb7054a2204250666a935a8e"
  version = "v2.3.1"

[[projects]]
  branch = "master"
  digest = "1:d87af402fc3f371d6b008f58903e98bee8873db45263dc54762f00735c582495"
  name = "golang.org/x/exp"
  packages = ["rand"]
  pruneopts = "UT"
  revision = "b8972e603456c5ad9da3063f4168da9164295e73"

[[projects]]
  branch = "master"
  digest = "1:7f3867d04858d729fc2228e1df5a05d3759753d701b38e18bd561842edf26287"
  name = "golang.org/x/image"
  packages = [
    "draw",
    "font",
    "font/basicfont",
    "font/plan9font",
    "math/f64",
    "math/fixed",
    "tiff",
    "tiff/lzw",
  ]
  pruneopts = "UT"
  revision = "4e30a6eb7d9a7fbd8f97e1d47806f810d86cfc6e"

[[projects]]
  branch = "master"
  digest = "1:4385f1dee06d0a39ef24c8fccc7e87c923b2dd1e8f07cf269ed7d7a57c16693c"
  name = "gonum.org/v1/gonum"
  packages = [
    "blas",
    "blas/blas64",
    "blas/cblas128",
    "blas/gonum",
    "floats",
    "internal/asm/c128",
    "internal/asm/c64",
    "internal/asm/f32",
    "internal/asm/f64",
    "internal/cmplx64",
    "internal/math32",
    "lapack",
    "lapack/gonum",
    "lapack/lapack64",
    "mat",
  ]
  pruneopts = "UT"
  revision = "b869779d1d53963e9e9eafca2d8aac6d4dcfa663"

[[projects]]
  branch = "master"
  digest = "1:7a2a44d7a58b088998a805cf8395240b0b5a50fdd75a14589da4d576d97efe0c"
  name = "gonum.org/v1/plot"
  packages = [
    ".",
    "palette",
    "plotter",
    "plotutil",
    "tools/bezier",
    "vg",
    "vg/draw",
    "vg/fonts",
    "vg/vgeps",
    "vg/vgimg",
    "vg/vgpdf",
    "vg/vgsvg",
  ]
  pruneopts = "UT"
  revision = "3a5f52653745fa15b552c97e1d8052e496e85503"

[solve-meta]
  analyzer-name = "dep"
  analyzer-version = 1
  input-imports = [
    "gonum.org/v1/plot",
    "gonum.org/v1/plot/plotter",
    "gonum.org/v1/plot/plotutil",
    "gonum.org/v1/plot/vg",
  ]
  solver-name = "gps-cdcl"
  solver-version = 1
